
Microsoft Visual Studio Solution File, Format Version 12.00
# Visual Studio Version 16
VisualStudioVersion = 16.0.31702.278
MinimumVisualStudioVersion = 10.0.40219.1
Project("{8BC9CEB8-8B4A-11D0-8D11-00A0C91BC942}") = "ValueSlider", "Lib\ValueSlider.vcxproj", "{980790A8-5A15-48EC-A7BB-8F73BB14AAC9}"
EndProject
Project("{8BC9CEB8-8B4A-11D0-8D11-00A0C91BC942}") = "ValueSliderPlugin", "Plugin\ValueSliderPlugin.vcxproj", "{D4ECC797-CD79-4F0D-90BD-4045B0D10F4B}"
EndProject
Global
	GlobalSection(SolutionConfigurationPlatforms) = preSolution
		Debug|x64 = Debug|x64
		Release|x64 = Release|x64
	EndGlobalSection
	GlobalSection(ProjectConfigurationPlatforms) = postSolution
		{980790A8-5A15-48EC-A7BB-8F73BB14AAC9}.Debug|x64.ActiveCfg = Debug|x64
		{980790A8-5A15-48EC-A7BB-8F73BB14AAC9}.Debug|x64.Build.0 = Debug|x64
		{980790A8-5A15-48EC-A7BB-8F73BB14AAC9}.Release|x64.ActiveCfg = Release|x64
		{980790A8-5A15-48EC-A7BB-8F73BB14AAC9}.Release|x64.Build.0 = Release|x64
		{D4ECC797-CD79-4F0D-90BD-4045B0D10F4B}.Debug|x64.ActiveCfg = Debug|x64
		{D4ECC797-CD79-4F0D-90BD-4045B0D10F4B}.Debug|x64.Build.0 = Debug|x64
		{D4ECC797-CD79-4F0D-90BD-4045B0D10F4B}.Release|x64.ActiveCfg = Release|x64
		{D4ECC797-CD79-4F0D-90BD-4045B0D10F4B}.Release|x64.Build.0 = Release|x64
	EndGlobalSection
	GlobalSection(SolutionProperties) = preSolution
		HideSolutionNode = FALSE
	EndGlobalSection
	GlobalSection(ExtensibilityGlobals) = postSolution
		SolutionGuid = {2D161B85-0CDB-490D-805D-3CE7B91D871B}
	EndGlobalSection
EndGlobal
